{
  "name": "dokiworld-game108",
  "version": "0.7.0",
  "lockfileVersion": 3,
  "requires": true,
  "packages": {
    "": {
      "name": "dokiworld-game108",
      "version": "0.7.0",
      "dependencies": {
        "@dokiworld/app-sdk": "^3.0.0"
      }
    },
    "node_modules/@dokiworld/app-sdk": {
      "version": "3.0.0",
      "resolved": "https://registry.npmjs.org/@dokiworld/app-sdk/-/app-sdk-3.0.0.tgz",
      "integrity": "sha512-7UI/1cBXSarLSQyYBrGgZfrRcA1h50n+j/au/5up6wlUvhx3VkzDXYH//OA5ZUX2gsOxTRTQvqDHXF6NDDAt+g=="
    }
  }
}
