{
  "name": "dokiworld-game108",
  "version": "0.4.1",
  "lockfileVersion": 3,
  "requires": true,
  "packages": {
    "": {
      "name": "dokiworld-game108",
      "version": "0.4.1",
      "dependencies": {
        "@dokiworld/app-sdk": "^2.1.0"
      }
    },
    "node_modules/@dokiworld/app-sdk": {
      "version": "2.1.0",
      "resolved": "https://registry.npmjs.org/@dokiworld/app-sdk/-/app-sdk-2.1.0.tgz",
      "integrity": "sha512-ykoLJlsl0Vvc+d9ahWSrWNbZr6ac2FBK/8tttqn/LwIJ+U0EQmy3DH+Hdke7fBqblHDIiHQSMllUZd8LCuLokw=="
    }
  }
}
